
Microsoft Visual Studio Solution File, Format Version 12.00
# Visual Studio Version 17
VisualStudioVersion = 17.11.35327.3
MinimumVisualStudioVersion = 10.0.40219.1
Project("{FAE04EC0-301F-11D3-BF4B-00C04F79EFBC}") = "WpfApp1", "WpfApp1.csproj", "{1EF57C69-5620-45EC-9E47-2EF833BCB91E}"
EndProject
Global
	GlobalSection(SolutionConfigurationPlatforms) = preSolution
		Debug|Any CPU = Debug|Any CPU
		Release|Any CPU = Release|Any CPU
	EndGlobalSection
	GlobalSection(ProjectConfigurationPlatforms) = postSolution
		{1EF57C69-5620-45EC-9E47-2EF833BCB91E}.Debug|Any CPU.ActiveCfg = Debug|Any CPU
		{1EF57C69-5620-45EC-9E47-2EF833BCB91E}.Debug|Any CPU.Build.0 = Debug|Any CPU
		{1EF57C69-5620-45EC-9E47-2EF833BCB91E}.Release|Any CPU.ActiveCfg = Release|Any CPU
		{1EF57C69-5620-45EC-9E47-2EF833BCB91E}.Release|Any CPU.Build.0 = Release|Any CPU
	EndGlobalSection
	GlobalSection(SolutionProperties) = preSolution
		HideSolutionNode = FALSE
	EndGlobalSection
	GlobalSection(ExtensibilityGlobals) = postSolution
		SolutionGuid = {A0BC23AE-CF70-4E50-981E-746D476C02DC}
	EndGlobalSection
EndGlobal
