
Microsoft Visual Studio Solution File, Format Version 12.00
# Visual Studio Version 17
VisualStudioVersion = 17.11.35327.3
MinimumVisualStudioVersion = 10.0.40219.1
Project("{FAE04EC0-301F-11D3-BF4B-00C04F79EFBC}") = "zadanie1", "zadanie1.csproj", "{1E905F8C-EBEE-4F89-8097-F00548D43FF7}"
EndProject
Global
	GlobalSection(SolutionConfigurationPlatforms) = preSolution
		Debug|Any CPU = Debug|Any CPU
		Release|Any CPU = Release|Any CPU
	EndGlobalSection
	GlobalSection(ProjectConfigurationPlatforms) = postSolution
		{1E905F8C-EBEE-4F89-8097-F00548D43FF7}.Debug|Any CPU.ActiveCfg = Debug|Any CPU
		{1E905F8C-EBEE-4F89-8097-F00548D43FF7}.Debug|Any CPU.Build.0 = Debug|Any CPU
		{1E905F8C-EBEE-4F89-8097-F00548D43FF7}.Release|Any CPU.ActiveCfg = Release|Any CPU
		{1E905F8C-EBEE-4F89-8097-F00548D43FF7}.Release|Any CPU.Build.0 = Release|Any CPU
	EndGlobalSection
	GlobalSection(SolutionProperties) = preSolution
		HideSolutionNode = FALSE
	EndGlobalSection
	GlobalSection(ExtensibilityGlobals) = postSolution
		SolutionGuid = {20311063-63A9-45D7-8B89-EEA01D7F2568}
	EndGlobalSection
EndGlobal
