
Microsoft Visual Studio Solution File, Format Version 12.00
# Visual Studio Version 17
VisualStudioVersion = 17.11.35327.3
MinimumVisualStudioVersion = 10.0.40219.1
Project("{FAE04EC0-301F-11D3-BF4B-00C04F79EFBC}") = "zadanie3", "zadanie3.csproj", "{90FB0C79-2499-4114-9316-09CB1387B6CA}"
EndProject
Global
	GlobalSection(SolutionConfigurationPlatforms) = preSolution
		Debug|Any CPU = Debug|Any CPU
		Release|Any CPU = Release|Any CPU
	EndGlobalSection
	GlobalSection(ProjectConfigurationPlatforms) = postSolution
		{90FB0C79-2499-4114-9316-09CB1387B6CA}.Debug|Any CPU.ActiveCfg = Debug|Any CPU
		{90FB0C79-2499-4114-9316-09CB1387B6CA}.Debug|Any CPU.Build.0 = Debug|Any CPU
		{90FB0C79-2499-4114-9316-09CB1387B6CA}.Release|Any CPU.ActiveCfg = Release|Any CPU
		{90FB0C79-2499-4114-9316-09CB1387B6CA}.Release|Any CPU.Build.0 = Release|Any CPU
	EndGlobalSection
	GlobalSection(SolutionProperties) = preSolution
		HideSolutionNode = FALSE
	EndGlobalSection
	GlobalSection(ExtensibilityGlobals) = postSolution
		SolutionGuid = {4DEB21EE-793F-4134-9B13-7E608E5027ED}
	EndGlobalSection
EndGlobal
